{
  "name": "bin",
  "version": "1.0.0",
  "lockfileVersion": 2,
  "requires": true,
  "packages": {
    "": {
      "version": "1.0.0",
      "license": "GPL-3.0",
      "dependencies": {
        "computer": "github:SKYCRATE-ltd/computer"
      }
    },
    "node_modules/computer": {
      "version": "1.0.0",
      "resolved": "git+ssh://git@github.com/SKYCRATE-ltd/computer.git#d93fbcce8dfc221ea613f850b9a678c59ba7ae1e",
      "license": "GPL-3.0"
    }
  },
  "dependencies": {
    "computer": {
      "version": "git+ssh://git@github.com/SKYCRATE-ltd/computer.git#d93fbcce8dfc221ea613f850b9a678c59ba7ae1e",
      "from": "computer@github:SKYCRATE-ltd/computer"
    }
  }
}
