{
  "name": "bin",
  "version": "1.0.0",
  "lockfileVersion": 2,
  "requires": true,
  "packages": {
    "": {
      "version": "1.0.0",
      "license": "GPL-3.0",
      "dependencies": {
        "computer": "github:SKYCRATE-ltd/computer"
      }
    },
    "node_modules/computer": {
      "version": "1.0.0",
      "resolved": "git+ssh://git@github.com/SKYCRATE-ltd/computer.git#f278a5531fbe09ebb1182f059ba3485fec7e3c3a",
      "license": "GPL-3.0"
    }
  },
  "dependencies": {
    "computer": {
      "version": "git+ssh://git@github.com/SKYCRATE-ltd/computer.git#f278a5531fbe09ebb1182f059ba3485fec7e3c3a",
      "from": "computer@github:SKYCRATE-ltd/computer"
    }
  }
}
